// !$*UTF8*$!
{
	archiveVersion = 1;
	classes = {
	};
	objectVersion = 56;
	objects = {

/* Begin PBXBuildFile section */
		3829039D2A0D106300B4A67F /* AppDelegate.swift in Sources */ = {isa = PBXBuildFile; fileRef = 3829039C2A0D106300B4A67F /* AppDelegate.swift */; };
		3829039F2A0D106300B4A67F /* SceneDelegate.swift in Sources */ = {isa = PBXBuildFile; fileRef = 3829039E2A0D106300B4A67F /* SceneDelegate.swift */; };
		382903A62A0D106600B4A67F /* Assets.xcassets in Resources */ = {isa = PBXBuildFile; fileRef = 382903A52A0D106600B4A67F /* Assets.xcassets */; };
		382903A92A0D106600B4A67F /* LaunchScreen.storyboard in Resources */ = {isa = PBXBuildFile; fileRef = 382903A72A0D106600B4A67F /* LaunchScreen.storyboard */; };
		382903B12A0D11DA00B4A67F /* global.swift in Sources */ = {isa = PBXBuildFile; fileRef = 382903B02A0D11DA00B4A67F /* global.swift */; };
		382903B32A0D121A00B4A67F /* App.swift in Sources */ = {isa = PBXBuildFile; fileRef = 382903B22A0D121A00B4A67F /* App.swift */; };
		382903B52A0D128D00B4A67F /* AppNavigation.swift in Sources */ = {isa = PBXBuildFile; fileRef = 382903B42A0D128D00B4A67F /* AppNavigation.swift */; };
		382903BD2A0D138B00B4A67F /* SetupViewController.swift in Sources */ = {isa = PBXBuildFile; fileRef = 382903BA2A0D138B00B4A67F /* SetupViewController.swift */; };
		382903CB2A0D162E00B4A67F /* ViewControllers.swift in Sources */ = {isa = PBXBuildFile; fileRef = 382903C42A0D162E00B4A67F /* ViewControllers.swift */; };
		382903DB2A0D167E00B4A67F /* Appearence.swift in Sources */ = {isa = PBXBuildFile; fileRef = 382903D12A0D167E00B4A67F /* Appearence.swift */; };
		382903E42A0D16F500B4A67F /* Color.swift in Sources */ = {isa = PBXBuildFile; fileRef = 382903E32A0D16F500B4A67F /* Color.swift */; };
		382903EA2A0D1EFB00B4A67F /* Session.swift in Sources */ = {isa = PBXBuildFile; fileRef = 382903E72A0D1EFB00B4A67F /* Session.swift */; };
		382903EB2A0D1EFB00B4A67F /* Template.swift in Sources */ = {isa = PBXBuildFile; fileRef = 382903E82A0D1EFB00B4A67F /* Template.swift */; };
		382903EE2A0D21C500B4A67F /* ConfigureViewController.swift in Sources */ = {isa = PBXBuildFile; fileRef = 382903ED2A0D21C500B4A67F /* ConfigureViewController.swift */; };
		382903F02A0D449500B4A67F /* IdleViewController.swift in Sources */ = {isa = PBXBuildFile; fileRef = 382903EF2A0D449400B4A67F /* IdleViewController.swift */; };
		382903F22A0D541800B4A67F /* ResultsViewController.swift in Sources */ = {isa = PBXBuildFile; fileRef = 382903F12A0D541800B4A67F /* ResultsViewController.swift */; };
		382903F42A0D545900B4A67F /* VoteViewController.swift in Sources */ = {isa = PBXBuildFile; fileRef = 382903F32A0D545900B4A67F /* VoteViewController.swift */; };
		CD81C58C2A670E6B00E88418 /* packages in Resources */ = {isa = PBXBuildFile; fileRef = CD81C58B2A670E6B00E88418 /* packages */; };
		CD81C58E2A670E8700E88418 /* assets in Resources */ = {isa = PBXBuildFile; fileRef = CD81C58D2A670E8700E88418 /* assets */; };
		CD88011A2A608F7A00A30B1D /* SugarKit in Frameworks */ = {isa = PBXBuildFile; productRef = CD8801192A608F7A00A30B1D /* SugarKit */; };
		CD88011C2A60909000A30B1D /* Buttons.swift in Sources */ = {isa = PBXBuildFile; fileRef = CD88011B2A60909000A30B1D /* Buttons.swift */; };
		CD88011F2A61D9FB00A30B1D /* SugarKit in Frameworks */ = {isa = PBXBuildFile; productRef = CD88011E2A61D9FB00A30B1D /* SugarKit */; };
		CD8801212A61DD8000A30B1D /* Local.xcconfig in Resources */ = {isa = PBXBuildFile; fileRef = CD8801202A61DD8000A30B1D /* Local.xcconfig */; };
		CD8801342A62C05600A30B1D /* Translations.swift in Sources */ = {isa = PBXBuildFile; fileRef = CD88012A2A62C05600A30B1D /* Translations.swift */; };
		CD8801352A62C05600A30B1D /* Localizable.strings in Resources */ = {isa = PBXBuildFile; fileRef = CD88012C2A62C05600A30B1D /* Localizable.strings */; };
		CD8801362A62C05600A30B1D /* InfoPlist.strings in Resources */ = {isa = PBXBuildFile; fileRef = CD88012E2A62C05600A30B1D /* InfoPlist.strings */; };
		CD8801392A62D6A900A30B1D /* LicenseViewController.swift in Sources */ = {isa = PBXBuildFile; fileRef = CD8801372A62D6A800A30B1D /* LicenseViewController.swift */; };
		CD88013A2A62D6A900A30B1D /* LicensesViewController.swift in Sources */ = {isa = PBXBuildFile; fileRef = CD8801382A62D6A900A30B1D /* LicensesViewController.swift */; };
		CD88013C2A63419100A30B1D /* NumPad.swift in Sources */ = {isa = PBXBuildFile; fileRef = CD88013B2A63419100A30B1D /* NumPad.swift */; };
/* End PBXBuildFile section */

/* Begin PBXFileReference section */
		382903992A0D106300B4A67F /* moodmeter.app */ = {isa = PBXFileReference; explicitFileType = wrapper.application; includeInIndex = 0; path = moodmeter.app; sourceTree = BUILT_PRODUCTS_DIR; };
		3829039C2A0D106300B4A67F /* AppDelegate.swift */ = {isa = PBXFileReference; lastKnownFileType = sourcecode.swift; path = AppDelegate.swift; sourceTree = "<group>"; };
		3829039E2A0D106300B4A67F /* SceneDelegate.swift */ = {isa = PBXFileReference; lastKnownFileType = sourcecode.swift; path = SceneDelegate.swift; sourceTree = "<group>"; };
		382903A52A0D106600B4A67F /* Assets.xcassets */ = {isa = PBXFileReference; lastKnownFileType = folder.assetcatalog; path = Assets.xcassets; sourceTree = "<group>"; };
		382903A82A0D106600B4A67F /* Base */ = {isa = PBXFileReference; lastKnownFileType = file.storyboard; name = Base; path = Base.lproj/LaunchScreen.storyboard; sourceTree = "<group>"; };
		382903AA2A0D106600B4A67F /* Info.plist */ = {isa = PBXFileReference; lastKnownFileType = text.plist.xml; path = Info.plist; sourceTree = "<group>"; };
		382903B02A0D11DA00B4A67F /* global.swift */ = {isa = PBXFileReference; lastKnownFileType = sourcecode.swift; path = global.swift; sourceTree = "<group>"; };
		382903B22A0D121A00B4A67F /* App.swift */ = {isa = PBXFileReference; lastKnownFileType = sourcecode.swift; path = App.swift; sourceTree = "<group>"; };
		382903B42A0D128D00B4A67F /* AppNavigation.swift */ = {isa = PBXFileReference; lastKnownFileType = sourcecode.swift; path = AppNavigation.swift; sourceTree = "<group>"; };
		382903BA2A0D138B00B4A67F /* SetupViewController.swift */ = {isa = PBXFileReference; fileEncoding = 4; lastKnownFileType = sourcecode.swift; path = SetupViewController.swift; sourceTree = "<group>"; };
		382903C42A0D162E00B4A67F /* ViewControllers.swift */ = {isa = PBXFileReference; fileEncoding = 4; lastKnownFileType = sourcecode.swift; path = ViewControllers.swift; sourceTree = "<group>"; };
		382903D12A0D167E00B4A67F /* Appearence.swift */ = {isa = PBXFileReference; fileEncoding = 4; lastKnownFileType = sourcecode.swift; path = Appearence.swift; sourceTree = "<group>"; };
		382903E32A0D16F500B4A67F /* Color.swift */ = {isa = PBXFileReference; fileEncoding = 4; lastKnownFileType = sourcecode.swift; path = Color.swift; sourceTree = "<group>"; };
		382903E72A0D1EFB00B4A67F /* Session.swift */ = {isa = PBXFileReference; fileEncoding = 4; lastKnownFileType = sourcecode.swift; path = Session.swift; sourceTree = "<group>"; };
		382903E82A0D1EFB00B4A67F /* Template.swift */ = {isa = PBXFileReference; fileEncoding = 4; lastKnownFileType = sourcecode.swift; path = Template.swift; sourceTree = "<group>"; };
		382903ED2A0D21C500B4A67F /* ConfigureViewController.swift */ = {isa = PBXFileReference; lastKnownFileType = sourcecode.swift; path = ConfigureViewController.swift; sourceTree = "<group>"; };
		382903EF2A0D449400B4A67F /* IdleViewController.swift */ = {isa = PBXFileReference; lastKnownFileType = sourcecode.swift; path = IdleViewController.swift; sourceTree = "<group>"; };
		382903F12A0D541800B4A67F /* ResultsViewController.swift */ = {isa = PBXFileReference; lastKnownFileType = sourcecode.swift; path = ResultsViewController.swift; sourceTree = "<group>"; };
		382903F32A0D545900B4A67F /* VoteViewController.swift */ = {isa = PBXFileReference; lastKnownFileType = sourcecode.swift; path = VoteViewController.swift; sourceTree = "<group>"; };
		CD81C58B2A670E6B00E88418 /* packages */ = {isa = PBXFileReference; lastKnownFileType = folder; path = packages; sourceTree = "<group>"; };
		CD81C58D2A670E8700E88418 /* assets */ = {isa = PBXFileReference; lastKnownFileType = folder; path = assets; sourceTree = "<group>"; };
		CD88011B2A60909000A30B1D /* Buttons.swift */ = {isa = PBXFileReference; fileEncoding = 4; lastKnownFileType = sourcecode.swift; path = Buttons.swift; sourceTree = "<group>"; };
		CD8801202A61DD8000A30B1D /* Local.xcconfig */ = {isa = PBXFileReference; fileEncoding = 4; lastKnownFileType = text.xcconfig; path = Local.xcconfig; sourceTree = "<group>"; };
		CD88012A2A62C05600A30B1D /* Translations.swift */ = {isa = PBXFileReference; fileEncoding = 4; lastKnownFileType = sourcecode.swift; path = Translations.swift; sourceTree = "<group>"; };
		CD88012D2A62C05600A30B1D /* en-GB */ = {isa = PBXFileReference; lastKnownFileType = text.plist.strings; name = "en-GB"; path = "en-GB.lproj/Localizable.strings"; sourceTree = "<group>"; };
		CD88012F2A62C05600A30B1D /* en-GB */ = {isa = PBXFileReference; lastKnownFileType = text.plist.strings; name = "en-GB"; path = "en-GB.lproj/InfoPlist.strings"; sourceTree = "<group>"; };
		CD8801302A62C05600A30B1D /* da */ = {isa = PBXFileReference; lastKnownFileType = text.plist.strings; name = da; path = da.lproj/Localizable.strings; sourceTree = "<group>"; };
		CD8801312A62C05600A30B1D /* da */ = {isa = PBXFileReference; lastKnownFileType = text.plist.strings; name = da; path = da.lproj/InfoPlist.strings; sourceTree = "<group>"; };
		CD8801322A62C05600A30B1D /* Base */ = {isa = PBXFileReference; lastKnownFileType = text.plist.strings; name = Base; path = Base.lproj/Localizable.strings; sourceTree = "<group>"; };
		CD8801332A62C05600A30B1D /* Base */ = {isa = PBXFileReference; lastKnownFileType = text.plist.strings; name = Base; path = Base.lproj/InfoPlist.strings; sourceTree = "<group>"; };
		CD8801372A62D6A800A30B1D /* LicenseViewController.swift */ = {isa = PBXFileReference; fileEncoding = 4; lastKnownFileType = sourcecode.swift; path = LicenseViewController.swift; sourceTree = "<group>"; };
		CD8801382A62D6A900A30B1D /* LicensesViewController.swift */ = {isa = PBXFileReference; fileEncoding = 4; lastKnownFileType = sourcecode.swift; path = LicensesViewController.swift; sourceTree = "<group>"; };
		CD88013B2A63419100A30B1D /* NumPad.swift */ = {isa = PBXFileReference; lastKnownFileType = sourcecode.swift; path = NumPad.swift; sourceTree = "<group>"; };
/* End PBXFileReference section */

/* Begin PBXFrameworksBuildPhase section */
		382903962A0D106300B4A67F /* Frameworks */ = {
			isa = PBXFrameworksBuildPhase;
			buildActionMask = 2147483647;
			files = (
				CD88011F2A61D9FB00A30B1D /* SugarKit in Frameworks */,
				CD88011A2A608F7A00A30B1D /* SugarKit in Frameworks */,
			);
			runOnlyForDeploymentPostprocessing = 0;
		};
/* End PBXFrameworksBuildPhase section */

/* Begin PBXGroup section */
		382903902A0D106300B4A67F = {
			isa = PBXGroup;
			children = (
				3829039B2A0D106300B4A67F /* moodmeter */,
				3829039A2A0D106300B4A67F /* Products */,
				CD8801182A608F7A00A30B1D /* Frameworks */,
			);
			sourceTree = "<group>";
		};
		3829039A2A0D106300B4A67F /* Products */ = {
			isa = PBXGroup;
			children = (
				382903992A0D106300B4A67F /* moodmeter.app */,
			);
			name = Products;
			sourceTree = "<group>";
		};
		3829039B2A0D106300B4A67F /* moodmeter */ = {
			isa = PBXGroup;
			children = (
				382903AA2A0D106600B4A67F /* Info.plist */,
				382903B22A0D121A00B4A67F /* App.swift */,
				3829039C2A0D106300B4A67F /* AppDelegate.swift */,
				382903B42A0D128D00B4A67F /* AppNavigation.swift */,
				382903B02A0D11DA00B4A67F /* global.swift */,
				3829039E2A0D106300B4A67F /* SceneDelegate.swift */,
				382903A52A0D106600B4A67F /* Assets.xcassets */,
				CD8801202A61DD8000A30B1D /* Local.xcconfig */,
				382903E22A0D16F500B4A67F /* Assets */,
				CD81C5862A670E5600E88418 /* Assets.Licenses */,
				382903E52A0D1EFB00B4A67F /* Data */,
				382903A72A0D106600B4A67F /* LaunchScreen.storyboard */,
				382903CD2A0D167E00B4A67F /* Tools */,
				382903B82A0D138B00B4A67F /* UI */,
			);
			path = moodmeter;
			sourceTree = "<group>";
		};
		382903B82A0D138B00B4A67F /* UI */ = {
			isa = PBXGroup;
			children = (
				382903BB2A0D138B00B4A67F /* Shared */,
				382903B92A0D138B00B4A67F /* Screens */,
			);
			path = UI;
			sourceTree = "<group>";
		};
		382903B92A0D138B00B4A67F /* Screens */ = {
			isa = PBXGroup;
			children = (
				382903ED2A0D21C500B4A67F /* ConfigureViewController.swift */,
				382903EF2A0D449400B4A67F /* IdleViewController.swift */,
				CD8801382A62D6A900A30B1D /* LicensesViewController.swift */,
				CD8801372A62D6A800A30B1D /* LicenseViewController.swift */,
				382903F12A0D541800B4A67F /* ResultsViewController.swift */,
				382903BA2A0D138B00B4A67F /* SetupViewController.swift */,
				382903F32A0D545900B4A67F /* VoteViewController.swift */,
			);
			path = Screens;
			sourceTree = "<group>";
		};
		382903BB2A0D138B00B4A67F /* Shared */ = {
			isa = PBXGroup;
			children = (
				CD88011B2A60909000A30B1D /* Buttons.swift */,
				CD88013B2A63419100A30B1D /* NumPad.swift */,
				382903C42A0D162E00B4A67F /* ViewControllers.swift */,
			);
			path = Shared;
			sourceTree = "<group>";
		};
		382903CD2A0D167E00B4A67F /* Tools */ = {
			isa = PBXGroup;
			children = (
				382903D12A0D167E00B4A67F /* Appearence.swift */,
			);
			path = Tools;
			sourceTree = "<group>";
		};
		382903E22A0D16F500B4A67F /* Assets */ = {
			isa = PBXGroup;
			children = (
				382903E32A0D16F500B4A67F /* Color.swift */,
				CD88012A2A62C05600A30B1D /* Translations.swift */,
				CD88012B2A62C05600A30B1D /* Translations */,
			);
			path = Assets;
			sourceTree = "<group>";
		};
		382903E52A0D1EFB00B4A67F /* Data */ = {
			isa = PBXGroup;
			children = (
				382903E62A0D1EFB00B4A67F /* Models */,
			);
			path = Data;
			sourceTree = "<group>";
		};
		382903E62A0D1EFB00B4A67F /* Models */ = {
			isa = PBXGroup;
			children = (
				382903E72A0D1EFB00B4A67F /* Session.swift */,
				382903E82A0D1EFB00B4A67F /* Template.swift */,
			);
			path = Models;
			sourceTree = "<group>";
		};
		CD81C5862A670E5600E88418 /* Assets.Licenses */ = {
			isa = PBXGroup;
			children = (
				CD81C58D2A670E8700E88418 /* assets */,
				CD81C58B2A670E6B00E88418 /* packages */,
			);
			path = Assets.Licenses;
			sourceTree = "<group>";
		};
		CD8801182A608F7A00A30B1D /* Frameworks */ = {
			isa = PBXGroup;
			children = (
			);
			name = Frameworks;
			sourceTree = "<group>";
		};
		CD88012B2A62C05600A30B1D /* Translations */ = {
			isa = PBXGroup;
			children = (
				CD88012E2A62C05600A30B1D /* InfoPlist.strings */,
				CD88012C2A62C05600A30B1D /* Localizable.strings */,
			);
			path = Translations;
			sourceTree = "<group>";
		};
/* End PBXGroup section */

/* Begin PBXNativeTarget section */
		382903982A0D106300B4A67F /* moodmeter */ = {
			isa = PBXNativeTarget;
			buildConfigurationList = 382903AD2A0D106600B4A67F /* Build configuration list for PBXNativeTarget "moodmeter" */;
			buildPhases = (
				CD8801292A62C00400A30B1D /* swiftlint */,
				382903952A0D106300B4A67F /* Sources */,
				382903962A0D106300B4A67F /* Frameworks */,
				382903972A0D106300B4A67F /* Resources */,
			);
			buildRules = (
			);
			dependencies = (
			);
			name = moodmeter;
			packageProductDependencies = (
				CD8801192A608F7A00A30B1D /* SugarKit */,
				CD88011E2A61D9FB00A30B1D /* SugarKit */,
			);
			productName = moodmeter;
			productReference = 382903992A0D106300B4A67F /* moodmeter.app */;
			productType = "com.apple.product-type.application";
		};
/* End PBXNativeTarget section */

/* Begin PBXProject section */
		382903912A0D106300B4A67F /* Project object */ = {
			isa = PBXProject;
			attributes = {
				BuildIndependentTargetsInParallel = 1;
				LastSwiftUpdateCheck = 1430;
				LastUpgradeCheck = 1430;
				TargetAttributes = {
					382903982A0D106300B4A67F = {
						CreatedOnToolsVersion = 14.3;
					};
				};
			};
			buildConfigurationList = 382903942A0D106300B4A67F /* Build configuration list for PBXProject "moodmeter" */;
			compatibilityVersion = "Xcode 14.0";
			developmentRegion = en;
			hasScannedForEncodings = 0;
			knownRegions = (
				en,
				Base,
				"en-GB",
				da,
			);
			mainGroup = 382903902A0D106300B4A67F;
			packageReferences = (
				CD88011D2A61D9FB00A30B1D /* XCRemoteSwiftPackageReference "SugarKit" */,
			);
			productRefGroup = 3829039A2A0D106300B4A67F /* Products */;
			projectDirPath = "";
			projectRoot = "";
			targets = (
				382903982A0D106300B4A67F /* moodmeter */,
			);
		};
/* End PBXProject section */

/* Begin PBXResourcesBuildPhase section */
		382903972A0D106300B4A67F /* Resources */ = {
			isa = PBXResourcesBuildPhase;
			buildActionMask = 2147483647;
			files = (
				382903A92A0D106600B4A67F /* LaunchScreen.storyboard in Resources */,
				CD8801352A62C05600A30B1D /* Localizable.strings in Resources */,
				CD81C58E2A670E8700E88418 /* assets in Resources */,
				CD8801212A61DD8000A30B1D /* Local.xcconfig in Resources */,
				382903A62A0D106600B4A67F /* Assets.xcassets in Resources */,
				CD8801362A62C05600A30B1D /* InfoPlist.strings in Resources */,
				CD81C58C2A670E6B00E88418 /* packages in Resources */,
			);
			runOnlyForDeploymentPostprocessing = 0;
		};
/* End PBXResourcesBuildPhase section */

/* Begin PBXShellScriptBuildPhase section */
		CD8801292A62C00400A30B1D /* swiftlint */ = {
			isa = PBXShellScriptBuildPhase;
			alwaysOutOfDate = 1;
			buildActionMask = 2147483647;
			files = (
			);
			inputFileListPaths = (
			);
			inputPaths = (
			);
			name = swiftlint;
			outputFileListPaths = (
			);
			outputPaths = (
			);
			runOnlyForDeploymentPostprocessing = 0;
			shellPath = /bin/sh;
			shellScript = "export PATH=$HOME/.asdf/shims:$PATH\n\nif which swiftlint > /dev/null; then\n  swiftlint\nelse\n  echo \"warning: SwiftLint not installed\"\nfi\n";
		};
/* End PBXShellScriptBuildPhase section */

/* Begin PBXSourcesBuildPhase section */
		382903952A0D106300B4A67F /* Sources */ = {
			isa = PBXSourcesBuildPhase;
			buildActionMask = 2147483647;
			files = (
				382903EE2A0D21C500B4A67F /* ConfigureViewController.swift in Sources */,
				CD88013A2A62D6A900A30B1D /* LicensesViewController.swift in Sources */,
				382903DB2A0D167E00B4A67F /* Appearence.swift in Sources */,
				382903E42A0D16F500B4A67F /* Color.swift in Sources */,
				CD88013C2A63419100A30B1D /* NumPad.swift in Sources */,
				382903B12A0D11DA00B4A67F /* global.swift in Sources */,
				CD8801392A62D6A900A30B1D /* LicenseViewController.swift in Sources */,
				382903EA2A0D1EFB00B4A67F /* Session.swift in Sources */,
				CD88011C2A60909000A30B1D /* Buttons.swift in Sources */,
				3829039D2A0D106300B4A67F /* AppDelegate.swift in Sources */,
				382903CB2A0D162E00B4A67F /* ViewControllers.swift in Sources */,
				CD8801342A62C05600A30B1D /* Translations.swift in Sources */,
				382903B52A0D128D00B4A67F /* AppNavigation.swift in Sources */,
				382903EB2A0D1EFB00B4A67F /* Template.swift in Sources */,
				382903F42A0D545900B4A67F /* VoteViewController.swift in Sources */,
				382903B32A0D121A00B4A67F /* App.swift in Sources */,
				382903F22A0D541800B4A67F /* ResultsViewController.swift in Sources */,
				382903F02A0D449500B4A67F /* IdleViewController.swift in Sources */,
				382903BD2A0D138B00B4A67F /* SetupViewController.swift in Sources */,
				3829039F2A0D106300B4A67F /* SceneDelegate.swift in Sources */,
			);
			runOnlyForDeploymentPostprocessing = 0;
		};
/* End PBXSourcesBuildPhase section */

/* Begin PBXVariantGroup section */
		382903A72A0D106600B4A67F /* LaunchScreen.storyboard */ = {
			isa = PBXVariantGroup;
			children = (
				382903A82A0D106600B4A67F /* Base */,
			);
			name = LaunchScreen.storyboard;
			sourceTree = "<group>";
		};
		CD88012C2A62C05600A30B1D /* Localizable.strings */ = {
			isa = PBXVariantGroup;
			children = (
				CD88012D2A62C05600A30B1D /* en-GB */,
				CD8801302A62C05600A30B1D /* da */,
				CD8801322A62C05600A30B1D /* Base */,
			);
			name = Localizable.strings;
			sourceTree = "<group>";
		};
		CD88012E2A62C05600A30B1D /* InfoPlist.strings */ = {
			isa = PBXVariantGroup;
			children = (
				CD88012F2A62C05600A30B1D /* en-GB */,
				CD8801312A62C05600A30B1D /* da */,
				CD8801332A62C05600A30B1D /* Base */,
			);
			name = InfoPlist.strings;
			sourceTree = "<group>";
		};
/* End PBXVariantGroup section */

/* Begin XCBuildConfiguration section */
		382903AB2A0D106600B4A67F /* Debug */ = {
			isa = XCBuildConfiguration;
			buildSettings = {
				ALWAYS_SEARCH_USER_PATHS = NO;
				CLANG_ANALYZER_NONNULL = YES;
				CLANG_ANALYZER_NUMBER_OBJECT_CONVERSION = YES_AGGRESSIVE;
				CLANG_CXX_LANGUAGE_STANDARD = "gnu++20";
				CLANG_ENABLE_MODULES = YES;
				CLANG_ENABLE_OBJC_ARC = YES;
				CLANG_ENABLE_OBJC_WEAK = YES;
				CLANG_WARN_BLOCK_CAPTURE_AUTORELEASING = YES;
				CLANG_WARN_BOOL_CONVERSION = YES;
				CLANG_WARN_COMMA = YES;
				CLANG_WARN_CONSTANT_CONVERSION = YES;
				CLANG_WARN_DEPRECATED_OBJC_IMPLEMENTATIONS = YES;
				CLANG_WARN_DIRECT_OBJC_ISA_USAGE = YES_ERROR;
				CLANG_WARN_DOCUMENTATION_COMMENTS = YES;
				CLANG_WARN_EMPTY_BODY = YES;
				CLANG_WARN_ENUM_CONVERSION = YES;
				CLANG_WARN_INFINITE_RECURSION = YES;
				CLANG_WARN_INT_CONVERSION = YES;
				CLANG_WARN_NON_LITERAL_NULL_CONVERSION = YES;
				CLANG_WARN_OBJC_IMPLICIT_RETAIN_SELF = YES;
				CLANG_WARN_OBJC_LITERAL_CONVERSION = YES;
				CLANG_WARN_OBJC_ROOT_CLASS = YES_ERROR;
				CLANG_WARN_QUOTED_INCLUDE_IN_FRAMEWORK_HEADER = YES;
				CLANG_WARN_RANGE_LOOP_ANALYSIS = YES;
				CLANG_WARN_STRICT_PROTOTYPES = YES;
				CLANG_WARN_SUSPICIOUS_MOVE = YES;
				CLANG_WARN_UNGUARDED_AVAILABILITY = YES_AGGRESSIVE;
				CLANG_WARN_UNREACHABLE_CODE = YES;
				CLANG_WARN__DUPLICATE_METHOD_MATCH = YES;
				COPY_PHASE_STRIP = NO;
				DEBUG_INFORMATION_FORMAT = dwarf;
				ENABLE_STRICT_OBJC_MSGSEND = YES;
				ENABLE_TESTABILITY = YES;
				GCC_C_LANGUAGE_STANDARD = gnu11;
				GCC_DYNAMIC_NO_PIC = NO;
				GCC_NO_COMMON_BLOCKS = YES;
				GCC_OPTIMIZATION_LEVEL = 0;
				GCC_PREPROCESSOR_DEFINITIONS = (
					"DEBUG=1",
					"$(inherited)",
				);
				GCC_WARN_64_TO_32_BIT_CONVERSION = YES;
				GCC_WARN_ABOUT_RETURN_TYPE = YES_ERROR;
				GCC_WARN_UNDECLARED_SELECTOR = YES;
				GCC_WARN_UNINITIALIZED_AUTOS = YES_AGGRESSIVE;
				GCC_WARN_UNUSED_FUNCTION = YES;
				GCC_WARN_UNUSED_VARIABLE = YES;
				IPHONEOS_DEPLOYMENT_TARGET = 16.4;
				MTL_ENABLE_DEBUG_INFO = INCLUDE_SOURCE;
				MTL_FAST_MATH = YES;
				ONLY_ACTIVE_ARCH = YES;
				SDKROOT = iphoneos;
				SWIFT_ACTIVE_COMPILATION_CONDITIONS = DEBUG;
				SWIFT_OPTIMIZATION_LEVEL = "-Onone";
			};
			name = Debug;
		};
		382903AC2A0D106600B4A67F /* Release */ = {
			isa = XCBuildConfiguration;
			buildSettings = {
				ALWAYS_SEARCH_USER_PATHS = NO;
				CLANG_ANALYZER_NONNULL = YES;
				CLANG_ANALYZER_NUMBER_OBJECT_CONVERSION = YES_AGGRESSIVE;
				CLANG_CXX_LANGUAGE_STANDARD = "gnu++20";
				CLANG_ENABLE_MODULES = YES;
				CLANG_ENABLE_OBJC_ARC = YES;
				CLANG_ENABLE_OBJC_WEAK = YES;
				CLANG_WARN_BLOCK_CAPTURE_AUTORELEASING = YES;
				CLANG_WARN_BOOL_CONVERSION = YES;
				CLANG_WARN_COMMA = YES;
				CLANG_WARN_CONSTANT_CONVERSION = YES;
				CLANG_WARN_DEPRECATED_OBJC_IMPLEMENTATIONS = YES;
				CLANG_WARN_DIRECT_OBJC_ISA_USAGE = YES_ERROR;
				CLANG_WARN_DOCUMENTATION_COMMENTS = YES;
				CLANG_WARN_EMPTY_BODY = YES;
				CLANG_WARN_ENUM_CONVERSION = YES;
				CLANG_WARN_INFINITE_RECURSION = YES;
				CLANG_WARN_INT_CONVERSION = YES;
				CLANG_WARN_NON_LITERAL_NULL_CONVERSION = YES;
				CLANG_WARN_OBJC_IMPLICIT_RETAIN_SELF = YES;
				CLANG_WARN_OBJC_LITERAL_CONVERSION = YES;
				CLANG_WARN_OBJC_ROOT_CLASS = YES_ERROR;
				CLANG_WARN_QUOTED_INCLUDE_IN_FRAMEWORK_HEADER = YES;
				CLANG_WARN_RANGE_LOOP_ANALYSIS = YES;
				CLANG_WARN_STRICT_PROTOTYPES = YES;
				CLANG_WARN_SUSPICIOUS_MOVE = YES;
				CLANG_WARN_UNGUARDED_AVAILABILITY = YES_AGGRESSIVE;
				CLANG_WARN_UNREACHABLE_CODE = YES;
				CLANG_WARN__DUPLICATE_METHOD_MATCH = YES;
				COPY_PHASE_STRIP = NO;
				DEBUG_INFORMATION_FORMAT = "dwarf-with-dsym";
				ENABLE_NS_ASSERTIONS = NO;
				ENABLE_STRICT_OBJC_MSGSEND = YES;
				GCC_C_LANGUAGE_STANDARD = gnu11;
				GCC_NO_COMMON_BLOCKS = YES;
				GCC_WARN_64_TO_32_BIT_CONVERSION = YES;
				GCC_WARN_ABOUT_RETURN_TYPE = YES_ERROR;
				GCC_WARN_UNDECLARED_SELECTOR = YES;
				GCC_WARN_UNINITIALIZED_AUTOS = YES_AGGRESSIVE;
				GCC_WARN_UNUSED_FUNCTION = YES;
				GCC_WARN_UNUSED_VARIABLE = YES;
				IPHONEOS_DEPLOYMENT_TARGET = 16.4;
				MTL_ENABLE_DEBUG_INFO = NO;
				MTL_FAST_MATH = YES;
				SDKROOT = iphoneos;
				SWIFT_COMPILATION_MODE = wholemodule;
				SWIFT_OPTIMIZATION_LEVEL = "-O";
				VALIDATE_PRODUCT = YES;
			};
			name = Release;
		};
		382903AE2A0D106600B4A67F /* Debug */ = {
			isa = XCBuildConfiguration;
			baseConfigurationReference = CD8801202A61DD8000A30B1D /* Local.xcconfig */;
			buildSettings = {
				ASSETCATALOG_COMPILER_APPICON_NAME = AppIcon;
				ASSETCATALOG_COMPILER_GLOBAL_ACCENT_COLOR_NAME = AccentColor;
				CODE_SIGN_STYLE = Automatic;
				CURRENT_PROJECT_VERSION = 1;
				GENERATE_INFOPLIST_FILE = YES;
				INFOPLIST_FILE = moodmeter/Info.plist;
				INFOPLIST_KEY_UIApplicationSupportsIndirectInputEvents = YES;
				INFOPLIST_KEY_UILaunchStoryboardName = LaunchScreen;
				INFOPLIST_KEY_UISupportedInterfaceOrientations_iPad = "UIInterfaceOrientationPortrait UIInterfaceOrientationPortraitUpsideDown UIInterfaceOrientationLandscapeLeft UIInterfaceOrientationLandscapeRight";
				INFOPLIST_KEY_UISupportedInterfaceOrientations_iPhone = "UIInterfaceOrientationPortrait UIInterfaceOrientationLandscapeLeft UIInterfaceOrientationLandscapeRight";
				INFOPLIST_KEY_UIUserInterfaceStyle = Light;
				IPHONEOS_DEPLOYMENT_TARGET = 16.0;
				LD_RUNPATH_SEARCH_PATHS = (
					"$(inherited)",
					"@executable_path/Frameworks",
				);
				MARKETING_VERSION = 1.0;
				PRODUCT_BUNDLE_IDENTIFIER = "$(ORGANIZATION_IDENTIFIER).moodmeter";
				PRODUCT_NAME = "$(TARGET_NAME)";
				SWIFT_EMIT_LOC_STRINGS = YES;
				SWIFT_VERSION = 5.0;
				TARGETED_DEVICE_FAMILY = "1,2";
			};
			name = Debug;
		};
		382903AF2A0D106600B4A67F /* Release */ = {
			isa = XCBuildConfiguration;
			buildSettings = {
				ASSETCATALOG_COMPILER_APPICON_NAME = AppIcon;
				ASSETCATALOG_COMPILER_GLOBAL_ACCENT_COLOR_NAME = AccentColor;
				CODE_SIGN_STYLE = Automatic;
				CURRENT_PROJECT_VERSION = 1;
				GENERATE_INFOPLIST_FILE = YES;
				INFOPLIST_FILE = moodmeter/Info.plist;
				INFOPLIST_KEY_UIApplicationSupportsIndirectInputEvents = YES;
				INFOPLIST_KEY_UILaunchStoryboardName = LaunchScreen;
				INFOPLIST_KEY_UISupportedInterfaceOrientations_iPad = "UIInterfaceOrientationPortrait UIInterfaceOrientationPortraitUpsideDown UIInterfaceOrientationLandscapeLeft UIInterfaceOrientationLandscapeRight";
				INFOPLIST_KEY_UISupportedInterfaceOrientations_iPhone = "UIInterfaceOrientationPortrait UIInterfaceOrientationLandscapeLeft UIInterfaceOrientationLandscapeRight";
				INFOPLIST_KEY_UIUserInterfaceStyle = Light;
				IPHONEOS_DEPLOYMENT_TARGET = 16.0;
				LD_RUNPATH_SEARCH_PATHS = (
					"$(inherited)",
					"@executable_path/Frameworks",
				);
				MARKETING_VERSION = 1.0;
				PRODUCT_BUNDLE_IDENTIFIER = "$(ORGANIZATION_IDENTIFIER).moodmeter";
				PRODUCT_NAME = "$(TARGET_NAME)";
				SWIFT_EMIT_LOC_STRINGS = YES;
				SWIFT_VERSION = 5.0;
				TARGETED_DEVICE_FAMILY = "1,2";
			};
			name = Release;
		};
/* End XCBuildConfiguration section */

/* Begin XCConfigurationList section */
		382903942A0D106300B4A67F /* Build configuration list for PBXProject "moodmeter" */ = {
			isa = XCConfigurationList;
			buildConfigurations = (
				382903AB2A0D106600B4A67F /* Debug */,
				382903AC2A0D106600B4A67F /* Release */,
			);
			defaultConfigurationIsVisible = 0;
			defaultConfigurationName = Release;
		};
		382903AD2A0D106600B4A67F /* Build configuration list for PBXNativeTarget "moodmeter" */ = {
			isa = XCConfigurationList;
			buildConfigurations = (
				382903AE2A0D106600B4A67F /* Debug */,
				382903AF2A0D106600B4A67F /* Release */,
			);
			defaultConfigurationIsVisible = 0;
			defaultConfigurationName = Release;
		};
/* End XCConfigurationList section */

/* Begin XCRemoteSwiftPackageReference section */
		CD88011D2A61D9FB00A30B1D /* XCRemoteSwiftPackageReference "SugarKit" */ = {
			isa = XCRemoteSwiftPackageReference;
			repositoryURL = "https://github.com/CodeReaper/SugarKit";
			requirement = {
				kind = upToNextMajorVersion;
				minimumVersion = 1.0.1;
			};
		};
/* End XCRemoteSwiftPackageReference section */

/* Begin XCSwiftPackageProductDependency section */
		CD8801192A608F7A00A30B1D /* SugarKit */ = {
			isa = XCSwiftPackageProductDependency;
			productName = SugarKit;
		};
		CD88011E2A61D9FB00A30B1D /* SugarKit */ = {
			isa = XCSwiftPackageProductDependency;
			package = CD88011D2A61D9FB00A30B1D /* XCRemoteSwiftPackageReference "SugarKit" */;
			productName = SugarKit;
		};
/* End XCSwiftPackageProductDependency section */
	};
	rootObject = 382903912A0D106300B4A67F /* Project object */;
}
